
Microsoft Visual Studio Solution File, Format Version 12.00
# Visual Studio Version 17
VisualStudioVersion = 17.9.34714.143
MinimumVisualStudioVersion = 10.0.40219.1
Project("{9A19103F-16F7-4668-BE54-9A1E7A4F7556}") = "dotnet_webapi", "dotnet_webapi\dotnet_webapi.csproj", "{93037037-7148-493D-AAC2-0BFB446C9701}"
EndProject
Project("{9A19103F-16F7-4668-BE54-9A1E7A4F7556}") = "test_log", "test_log\test_log.csproj", "{574415FA-D279-4666-8F70-9F712476E28E}"
EndProject
Project("{9A19103F-16F7-4668-BE54-9A1E7A4F7556}") = "MSSQLInterface", "MSSQLInterface\MSSQLInterface.csproj", "{4A2DDD4F-B01B-464E-9E9D-93D0A09BED9A}"
EndProject
Global
	GlobalSection(SolutionConfigurationPlatforms) = preSolution
		Debug|Any CPU = Debug|Any CPU
		Release|Any CPU = Release|Any CPU
	EndGlobalSection
	GlobalSection(ProjectConfigurationPlatforms) = postSolution
		{93037037-7148-493D-AAC2-0BFB446C9701}.Debug|Any CPU.ActiveCfg = Debug|Any CPU
		{93037037-7148-493D-AAC2-0BFB446C9701}.Debug|Any CPU.Build.0 = Debug|Any CPU
		{93037037-7148-493D-AAC2-0BFB446C9701}.Release|Any CPU.ActiveCfg = Release|Any CPU
		{93037037-7148-493D-AAC2-0BFB446C9701}.Release|Any CPU.Build.0 = Release|Any CPU
		{574415FA-D279-4666-8F70-9F712476E28E}.Debug|Any CPU.ActiveCfg = Debug|Any CPU
		{574415FA-D279-4666-8F70-9F712476E28E}.Debug|Any CPU.Build.0 = Debug|Any CPU
		{574415FA-D279-4666-8F70-9F712476E28E}.Release|Any CPU.ActiveCfg = Release|Any CPU
		{574415FA-D279-4666-8F70-9F712476E28E}.Release|Any CPU.Build.0 = Release|Any CPU
		{4A2DDD4F-B01B-464E-9E9D-93D0A09BED9A}.Debug|Any CPU.ActiveCfg = Debug|Any CPU
		{4A2DDD4F-B01B-464E-9E9D-93D0A09BED9A}.Debug|Any CPU.Build.0 = Debug|Any CPU
		{4A2DDD4F-B01B-464E-9E9D-93D0A09BED9A}.Release|Any CPU.ActiveCfg = Release|Any CPU
		{4A2DDD4F-B01B-464E-9E9D-93D0A09BED9A}.Release|Any CPU.Build.0 = Release|Any CPU
	EndGlobalSection
	GlobalSection(SolutionProperties) = preSolution
		HideSolutionNode = FALSE
	EndGlobalSection
	GlobalSection(ExtensibilityGlobals) = postSolution
		SolutionGuid = {BD4E5A8E-35FC-46BE-931D-AE8080B32313}
	EndGlobalSection
EndGlobal
